
Microsoft Visual Studio Solution File, Format Version 12.00
# Visual Studio Version 17
VisualStudioVersion = 17.7.34009.444
MinimumVisualStudioVersion = 10.0.40219.1
Project("{FAE04EC0-301F-11D3-BF4B-00C04F79EFBC}") = "Codility_MissingInteger", "Codility_MissingInteger\Codility_MissingInteger.csproj", "{FE7E929D-C1D5-492C-B599-821A81CD314B}"
EndProject
Global
	GlobalSection(SolutionConfigurationPlatforms) = preSolution
		Debug|Any CPU = Debug|Any CPU
		Release|Any CPU = Release|Any CPU
	EndGlobalSection
	GlobalSection(ProjectConfigurationPlatforms) = postSolution
		{FE7E929D-C1D5-492C-B599-821A81CD314B}.Debug|Any CPU.ActiveCfg = Debug|Any CPU
		{FE7E929D-C1D5-492C-B599-821A81CD314B}.Debug|Any CPU.Build.0 = Debug|Any CPU
		{FE7E929D-C1D5-492C-B599-821A81CD314B}.Release|Any CPU.ActiveCfg = Release|Any CPU
		{FE7E929D-C1D5-492C-B599-821A81CD314B}.Release|Any CPU.Build.0 = Release|Any CPU
	EndGlobalSection
	GlobalSection(SolutionProperties) = preSolution
		HideSolutionNode = FALSE
	EndGlobalSection
	GlobalSection(ExtensibilityGlobals) = postSolution
		SolutionGuid = {37FEB8CC-C173-42C5-833C-C0E6F226BCEE}
	EndGlobalSection
EndGlobal
